
Microsoft Visual Studio Solution File, Format Version 12.00
# Visual Studio 15
VisualStudioVersion = 15.0.27428.2037
MinimumVisualStudioVersion = 10.0.40219.1
Project("{FAE04EC0-301F-11D3-BF4B-00C04F79EFBC}") = "LINQPractice", "LINQPractice\LINQPractice.csproj", "{057C4A32-09B8-405B-9CD4-ECC48AE3B1D6}"
EndProject
Global
	GlobalSection(SolutionConfigurationPlatforms) = preSolution
		Debug|Any CPU = Debug|Any CPU
		Release|Any CPU = Release|Any CPU
	EndGlobalSection
	GlobalSection(ProjectConfigurationPlatforms) = postSolution
		{057C4A32-09B8-405B-9CD4-ECC48AE3B1D6}.Debug|Any CPU.ActiveCfg = Debug|Any CPU
		{057C4A32-09B8-405B-9CD4-ECC48AE3B1D6}.Debug|Any CPU.Build.0 = Debug|Any CPU
		{057C4A32-09B8-405B-9CD4-ECC48AE3B1D6}.Release|Any CPU.ActiveCfg = Release|Any CPU
		{057C4A32-09B8-405B-9CD4-ECC48AE3B1D6}.Release|Any CPU.Build.0 = Release|Any CPU
	EndGlobalSection
	GlobalSection(SolutionProperties) = preSolution
		HideSolutionNode = FALSE
	EndGlobalSection
	GlobalSection(ExtensibilityGlobals) = postSolution
		SolutionGuid = {0D38C3EE-F6D8-42E6-91AB-929EB0DBA65A}
	EndGlobalSection
EndGlobal
